// !$*UTF8*$!
{
	archiveVersion = 1;
	classes = {
	};
	objectVersion = 46;
	objects = {

/* Begin PBXBuildFile section */
		5F67BC1A1A9D9F9200347483 /* AppDelegate.swift in Sources */ = {isa = PBXBuildFile; fileRef = 5F67BC191A9D9F9200347483 /* AppDelegate.swift */; };
		5F67BC1C1A9D9F9200347483 /* ExampleViewController.swift in Sources */ = {isa = PBXBuildFile; fileRef = 5F67BC1B1A9D9F9200347483 /* ExampleViewController.swift */; };
		5F67BC211A9D9F9200347483 /* Images.xcassets in Resources */ = {isa = PBXBuildFile; fileRef = 5F67BC201A9D9F9200347483 /* Images.xcassets */; };
		5F67BC241A9D9F9200347483 /* LaunchScreen.xib in Resources */ = {isa = PBXBuildFile; fileRef = 5F67BC221A9D9F9200347483 /* LaunchScreen.xib */; };
		5F67BC301A9D9F9200347483 /* SimpleExampleTests.swift in Sources */ = {isa = PBXBuildFile; fileRef = 5F67BC2F1A9D9F9200347483 /* SimpleExampleTests.swift */; };
/* End PBXBuildFile section */

/* Begin PBXContainerItemProxy section */
		5F67BC2A1A9D9F9200347483 /* PBXContainerItemProxy */ = {
			isa = PBXContainerItemProxy;
			containerPortal = 5F67BC0C1A9D9F9200347483 /* Project object */;
			proxyType = 1;
			remoteGlobalIDString = 5F67BC131A9D9F9200347483;
			remoteInfo = SimpleExample;
		};
/* End PBXContainerItemProxy section */

/* Begin PBXFileReference section */
		5F67BC141A9D9F9200347483 /* SimpleExample.app */ = {isa = PBXFileReference; explicitFileType = wrapper.application; includeInIndex = 0; path = SimpleExample.app; sourceTree = BUILT_PRODUCTS_DIR; };
		5F67BC181A9D9F9200347483 /* Info.plist */ = {isa = PBXFileReference; lastKnownFileType = text.plist.xml; path = Info.plist; sourceTree = "<group>"; };
		5F67BC191A9D9F9200347483 /* AppDelegate.swift */ = {isa = PBXFileReference; lastKnownFileType = sourcecode.swift; path = AppDelegate.swift; sourceTree = "<group>"; };
		5F67BC1B1A9D9F9200347483 /* ExampleViewController.swift */ = {isa = PBXFileReference; lastKnownFileType = sourcecode.swift; path = ExampleViewController.swift; sourceTree = "<group>"; };
		5F67BC201A9D9F9200347483 /* Images.xcassets */ = {isa = PBXFileReference; lastKnownFileType = folder.assetcatalog; path = Images.xcassets; sourceTree = "<group>"; };
		5F67BC231A9D9F9200347483 /* Base */ = {isa = PBXFileReference; lastKnownFileType = file.xib; name = Base; path = Base.lproj/LaunchScreen.xib; sourceTree = "<group>"; };
		5F67BC291A9D9F9200347483 /* SimpleExampleTests.xctest */ = {isa = PBXFileReference; explicitFileType = wrapper.cfbundle; includeInIndex = 0; path = SimpleExampleTests.xctest; sourceTree = BUILT_PRODUCTS_DIR; };
		5F67BC2E1A9D9F9200347483 /* Info.plist */ = {isa = PBXFileReference; lastKnownFileType = text.plist.xml; path = Info.plist; sourceTree = "<group>"; };
		5F67BC2F1A9D9F9200347483 /* SimpleExampleTests.swift */ = {isa = PBXFileReference; lastKnownFileType = sourcecode.swift; path = SimpleExampleTests.swift; sourceTree = "<group>"; };
/* End PBXFileReference section */

/* Begin PBXFrameworksBuildPhase section */
		5F67BC111A9D9F9200347483 /* Frameworks */ = {
			isa = PBXFrameworksBuildPhase;
			buildActionMask = 2147483647;
			files = (
			);
			runOnlyForDeploymentPostprocessing = 0;
		};
		5F67BC261A9D9F9200347483 /* Frameworks */ = {
			isa = PBXFrameworksBuildPhase;
			buildActionMask = 2147483647;
			files = (
			);
			runOnlyForDeploymentPostprocessing = 0;
		};
/* End PBXFrameworksBuildPhase section */

/* Begin PBXGroup section */
		5F67BC0B1A9D9F9200347483 = {
			isa = PBXGroup;
			children = (
				5F67BC161A9D9F9200347483 /* SimpleExample */,
				5F67BC2C1A9D9F9200347483 /* SimpleExampleTests */,
				5F67BC151A9D9F9200347483 /* Products */,
			);
			sourceTree = "<group>";
		};
		5F67BC151A9D9F9200347483 /* Products */ = {
			isa = PBXGroup;
			children = (
				5F67BC141A9D9F9200347483 /* SimpleExample.app */,
				5F67BC291A9D9F9200347483 /* SimpleExampleTests.xctest */,
			);
			name = Products;
			sourceTree = "<group>";
		};
		5F67BC161A9D9F9200347483 /* SimpleExample */ = {
			isa = PBXGroup;
			children = (
				5F67BC191A9D9F9200347483 /* AppDelegate.swift */,
				5F67BC1B1A9D9F9200347483 /* ExampleViewController.swift */,
				5F67BC391A9DA02800347483 /* Resources */,
				5F67BC171A9D9F9200347483 /* Supporting Files */,
			);
			path = SimpleExample;
			sourceTree = "<group>";
		};
		5F67BC171A9D9F9200347483 /* Supporting Files */ = {
			isa = PBXGroup;
			children = (
				5F67BC181A9D9F9200347483 /* Info.plist */,
			);
			name = "Supporting Files";
			sourceTree = "<group>";
		};
		5F67BC2C1A9D9F9200347483 /* SimpleExampleTests */ = {
			isa = PBXGroup;
			children = (
				5F67BC2F1A9D9F9200347483 /* SimpleExampleTests.swift */,
				5F67BC2D1A9D9F9200347483 /* Supporting Files */,
			);
			path = SimpleExampleTests;
			sourceTree = "<group>";
		};
		5F67BC2D1A9D9F9200347483 /* Supporting Files */ = {
			isa = PBXGroup;
			children = (
				5F67BC2E1A9D9F9200347483 /* Info.plist */,
			);
			name = "Supporting Files";
			sourceTree = "<group>";
		};
		5F67BC391A9DA02800347483 /* Resources */ = {
			isa = PBXGroup;
			children = (
				5F67BC221A9D9F9200347483 /* LaunchScreen.xib */,
				5F67BC201A9D9F9200347483 /* Images.xcassets */,
			);
			name = Resources;
			sourceTree = "<group>";
		};
/* End PBXGroup section */

/* Begin PBXNativeTarget section */
		5F67BC131A9D9F9200347483 /* SimpleExample */ = {
			isa = PBXNativeTarget;
			buildConfigurationList = 5F67BC331A9D9F9200347483 /* Build configuration list for PBXNativeTarget "SimpleExample" */;
			buildPhases = (
				5F67BC101A9D9F9200347483 /* Sources */,
				5F67BC111A9D9F9200347483 /* Frameworks */,
				5F67BC121A9D9F9200347483 /* Resources */,
			);
			buildRules = (
			);
			dependencies = (
			);
			name = SimpleExample;
			productName = SimpleExample;
			productReference = 5F67BC141A9D9F9200347483 /* SimpleExample.app */;
			productType = "com.apple.product-type.application";
		};
		5F67BC281A9D9F9200347483 /* SimpleExampleTests */ = {
			isa = PBXNativeTarget;
			buildConfigurationList = 5F67BC361A9D9F9200347483 /* Build configuration list for PBXNativeTarget "SimpleExampleTests" */;
			buildPhases = (
				5F67BC251A9D9F9200347483 /* Sources */,
				5F67BC261A9D9F9200347483 /* Frameworks */,
				5F67BC271A9D9F9200347483 /* Resources */,
			);
			buildRules = (
			);
			dependencies = (
				5F67BC2B1A9D9F9200347483 /* PBXTargetDependency */,
			);
			name = SimpleExampleTests;
			productName = SimpleExampleTests;
			productReference = 5F67BC291A9D9F9200347483 /* SimpleExampleTests.xctest */;
			productType = "com.apple.product-type.bundle.unit-test";
		};
/* End PBXNativeTarget section */

/* Begin PBXProject section */
		5F67BC0C1A9D9F9200347483 /* Project object */ = {
			isa = PBXProject;
			attributes = {
				LastUpgradeCheck = 0610;
				ORGANIZATIONNAME = "Baris Sencan";
				TargetAttributes = {
					5F67BC131A9D9F9200347483 = {
						CreatedOnToolsVersion = 6.1.1;
					};
					5F67BC281A9D9F9200347483 = {
						CreatedOnToolsVersion = 6.1.1;
						TestTargetID = 5F67BC131A9D9F9200347483;
					};
				};
			};
			buildConfigurationList = 5F67BC0F1A9D9F9200347483 /* Build configuration list for PBXProject "SimpleExample" */;
			compatibilityVersion = "Xcode 3.2";
			developmentRegion = English;
			hasScannedForEncodings = 0;
			knownRegions = (
				en,
				Base,
			);
			mainGroup = 5F67BC0B1A9D9F9200347483;
			productRefGroup = 5F67BC151A9D9F9200347483 /* Products */;
			projectDirPath = "";
			projectRoot = "";
			targets = (
				5F67BC131A9D9F9200347483 /* SimpleExample */,
				5F67BC281A9D9F9200347483 /* SimpleExampleTests */,
			);
		};
/* End PBXProject section */

/* Begin PBXResourcesBuildPhase section */
		5F67BC121A9D9F9200347483 /* Resources */ = {
			isa = PBXResourcesBuildPhase;
			buildActionMask = 2147483647;
			files = (
				5F67BC241A9D9F9200347483 /* LaunchScreen.xib in Resources */,
				5F67BC211A9D9F9200347483 /* Images.xcassets in Resources */,
			);
			runOnlyForDeploymentPostprocessing = 0;
		};
		5F67BC271A9D9F9200347483 /* Resources */ = {
			isa = PBXResourcesBuildPhase;
			buildActionMask = 2147483647;
			files = (
			);
			runOnlyForDeploymentPostprocessing = 0;
		};
/* End PBXResourcesBuildPhase section */

/* Begin PBXSourcesBuildPhase section */
		5F67BC101A9D9F9200347483 /* Sources */ = {
			isa = PBXSourcesBuildPhase;
			buildActionMask = 2147483647;
			files = (
				5F67BC1C1A9D9F9200347483 /* ExampleViewController.swift in Sources */,
				5F67BC1A1A9D9F9200347483 /* AppDelegate.swift in Sources */,
			);
			runOnlyForDeploymentPostprocessing = 0;
		};
		5F67BC251A9D9F9200347483 /* Sources */ = {
			isa = PBXSourcesBuildPhase;
			buildActionMask = 2147483647;
			files = (
				5F67BC301A9D9F9200347483 /* SimpleExampleTests.swift in Sources */,
			);
			runOnlyForDeploymentPostprocessing = 0;
		};
/* End PBXSourcesBuildPhase section */

/* Begin PBXTargetDependency section */
		5F67BC2B1A9D9F9200347483 /* PBXTargetDependency */ = {
			isa = PBXTargetDependency;
			target = 5F67BC131A9D9F9200347483 /* SimpleExample */;
			targetProxy = 5F67BC2A1A9D9F9200347483 /* PBXContainerItemProxy */;
		};
/* End PBXTargetDependency section */

/* Begin PBXVariantGroup section */
		5F67BC221A9D9F9200347483 /* LaunchScreen.xib */ = {
			isa = PBXVariantGroup;
			children = (
				5F67BC231A9D9F9200347483 /* Base */,
			);
			name = LaunchScreen.xib;
			sourceTree = "<group>";
		};
/* End PBXVariantGroup section */

/* Begin XCBuildConfiguration section */
		5F67BC311A9D9F9200347483 /* Debug */ = {
			isa = XCBuildConfiguration;
			buildSettings = {
				ALWAYS_SEARCH_USER_PATHS = NO;
				CLANG_CXX_LANGUAGE_STANDARD = "gnu++0x";
				CLANG_CXX_LIBRARY = "libc++";
				CLANG_ENABLE_MODULES = YES;
				CLANG_ENABLE_OBJC_ARC = YES;
				CLANG_WARN_BOOL_CONVERSION = YES;
				CLANG_WARN_CONSTANT_CONVERSION = YES;
				CLANG_WARN_DIRECT_OBJC_ISA_USAGE = YES_ERROR;
				CLANG_WARN_EMPTY_BODY = YES;
				CLANG_WARN_ENUM_CONVERSION = YES;
				CLANG_WARN_INT_CONVERSION = YES;
				CLANG_WARN_OBJC_ROOT_CLASS = YES_ERROR;
				CLANG_WARN_UNREACHABLE_CODE = YES;
				CLANG_WARN__DUPLICATE_METHOD_MATCH = YES;
				"CODE_SIGN_IDENTITY[sdk=iphoneos*]" = "iPhone Developer";
				COPY_PHASE_STRIP = NO;
				ENABLE_STRICT_OBJC_MSGSEND = YES;
				GCC_C_LANGUAGE_STANDARD = gnu99;
				GCC_DYNAMIC_NO_PIC = NO;
				GCC_OPTIMIZATION_LEVEL = 0;
				GCC_PREPROCESSOR_DEFINITIONS = (
					"DEBUG=1",
					"$(inherited)",
				);
				GCC_SYMBOLS_PRIVATE_EXTERN = NO;
				GCC_WARN_64_TO_32_BIT_CONVERSION = YES;
				GCC_WARN_ABOUT_RETURN_TYPE = YES_ERROR;
				GCC_WARN_UNDECLARED_SELECTOR = YES;
				GCC_WARN_UNINITIALIZED_AUTOS = YES_AGGRESSIVE;
				GCC_WARN_UNUSED_FUNCTION = YES;
				GCC_WARN_UNUSED_VARIABLE = YES;
				IPHONEOS_DEPLOYMENT_TARGET = 8.1;
				MTL_ENABLE_DEBUG_INFO = YES;
				ONLY_ACTIVE_ARCH = YES;
				SDKROOT = iphoneos;
				SWIFT_OPTIMIZATION_LEVEL = "-Onone";
				TARGETED_DEVICE_FAMILY = "1,2";
			};
			name = Debug;
		};
		5F67BC321A9D9F9200347483 /* Release */ = {
			isa = XCBuildConfiguration;
			buildSettings = {
				ALWAYS_SEARCH_USER_PATHS = NO;
				CLANG_CXX_LANGUAGE_STANDARD = "gnu++0x";
				CLANG_CXX_LIBRARY = "libc++";
				CLANG_ENABLE_MODULES = YES;
				CLANG_ENABLE_OBJC_ARC = YES;
				CLANG_WARN_BOOL_CONVERSION = YES;
				CLANG_WARN_CONSTANT_CONVERSION = YES;
				CLANG_WARN_DIRECT_OBJC_ISA_USAGE = YES_ERROR;
				CLANG_WARN_EMPTY_BODY = YES;
				CLANG_WARN_ENUM_CONVERSION = YES;
				CLANG_WARN_INT_CONVERSION = YES;
				CLANG_WARN_OBJC_ROOT_CLASS = YES_ERROR;
				CLANG_WARN_UNREACHABLE_CODE = YES;
				CLANG_WARN__DUPLICATE_METHOD_MATCH = YES;
				"CODE_SIGN_IDENTITY[sdk=iphoneos*]" = "iPhone Developer";
				COPY_PHASE_STRIP = YES;
				ENABLE_NS_ASSERTIONS = NO;
				ENABLE_STRICT_OBJC_MSGSEND = YES;
				GCC_C_LANGUAGE_STANDARD = gnu99;
				GCC_WARN_64_TO_32_BIT_CONVERSION = YES;
				GCC_WARN_ABOUT_RETURN_TYPE = YES_ERROR;
				GCC_WARN_UNDECLARED_SELECTOR = YES;
				GCC_WARN_UNINITIALIZED_AUTOS = YES_AGGRESSIVE;
				GCC_WARN_UNUSED_FUNCTION = YES;
				GCC_WARN_UNUSED_VARIABLE = YES;
				IPHONEOS_DEPLOYMENT_TARGET = 8.1;
				MTL_ENABLE_DEBUG_INFO = NO;
				SDKROOT = iphoneos;
				TARGETED_DEVICE_FAMILY = "1,2";
				VALIDATE_PRODUCT = YES;
			};
			name = Release;
		};
		5F67BC341A9D9F9200347483 /* Debug */ = {
			isa = XCBuildConfiguration;
			buildSettings = {
				ASSETCATALOG_COMPILER_APPICON_NAME = AppIcon;
				INFOPLIST_FILE = SimpleExample/Info.plist;
				LD_RUNPATH_SEARCH_PATHS = "$(inherited) @executable_path/Frameworks";
				PRODUCT_NAME = "$(TARGET_NAME)";
			};
			name = Debug;
		};
		5F67BC351A9D9F9200347483 /* Release */ = {
			isa = XCBuildConfiguration;
			buildSettings = {
				ASSETCATALOG_COMPILER_APPICON_NAME = AppIcon;
				INFOPLIST_FILE = SimpleExample/Info.plist;
				LD_RUNPATH_SEARCH_PATHS = "$(inherited) @executable_path/Frameworks";
				PRODUCT_NAME = "$(TARGET_NAME)";
			};
			name = Release;
		};
		5F67BC371A9D9F9200347483 /* Debug */ = {
			isa = XCBuildConfiguration;
			buildSettings = {
				BUNDLE_LOADER = "$(TEST_HOST)";
				FRAMEWORK_SEARCH_PATHS = (
					"$(SDKROOT)/Developer/Library/Frameworks",
					"$(inherited)",
				);
				GCC_PREPROCESSOR_DEFINITIONS = (
					"DEBUG=1",
					"$(inherited)",
				);
				INFOPLIST_FILE = SimpleExampleTests/Info.plist;
				LD_RUNPATH_SEARCH_PATHS = "$(inherited) @executable_path/Frameworks @loader_path/Frameworks";
				PRODUCT_NAME = "$(TARGET_NAME)";
				TEST_HOST = "$(BUILT_PRODUCTS_DIR)/SimpleExample.app/SimpleExample";
			};
			name = Debug;
		};
		5F67BC381A9D9F9200347483 /* Release */ = {
			isa = XCBuildConfiguration;
			buildSettings = {
				BUNDLE_LOADER = "$(TEST_HOST)";
				FRAMEWORK_SEARCH_PATHS = (
					"$(SDKROOT)/Developer/Library/Frameworks",
					"$(inherited)",
				);
				INFOPLIST_FILE = SimpleExampleTests/Info.plist;
				LD_RUNPATH_SEARCH_PATHS = "$(inherited) @executable_path/Frameworks @loader_path/Frameworks";
				PRODUCT_NAME = "$(TARGET_NAME)";
				TEST_HOST = "$(BUILT_PRODUCTS_DIR)/SimpleExample.app/SimpleExample";
			};
			name = Release;
		};
/* End XCBuildConfiguration section */

/* Begin XCConfigurationList section */
		5F67BC0F1A9D9F9200347483 /* Build configuration list for PBXProject "SimpleExample" */ = {
			isa = XCConfigurationList;
			buildConfigurations = (
				5F67BC311A9D9F9200347483 /* Debug */,
				5F67BC321A9D9F9200347483 /* Release */,
			);
			defaultConfigurationIsVisible = 0;
			defaultConfigurationName = Release;
		};
		5F67BC331A9D9F9200347483 /* Build configuration list for PBXNativeTarget "SimpleExample" */ = {
			isa = XCConfigurationList;
			buildConfigurations = (
				5F67BC341A9D9F9200347483 /* Debug */,
				5F67BC351A9D9F9200347483 /* Release */,
			);
			defaultConfigurationIsVisible = 0;
		};
		5F67BC361A9D9F9200347483 /* Build configuration list for PBXNativeTarget "SimpleExampleTests" */ = {
			isa = XCConfigurationList;
			buildConfigurations = (
				5F67BC371A9D9F9200347483 /* Debug */,
				5F67BC381A9D9F9200347483 /* Release */,
			);
			defaultConfigurationIsVisible = 0;
		};
/* End XCConfigurationList section */
	};
	rootObject = 5F67BC0C1A9D9F9200347483 /* Project object */;
}
